
Microsoft Visual Studio Solution File, Format Version 12.00
# Visual Studio Version 17
VisualStudioVersion = 17.11.35327.3
MinimumVisualStudioVersion = 10.0.40219.1
Project("{FAE04EC0-301F-11D3-BF4B-00C04F79EFBC}") = "WebAPI", "WebAPI\WebAPI.csproj", "{1B71AF7F-DDBA-4B0B-85F3-D61FFBF6F1F2}"
EndProject
Project("{2150E333-8FDC-42A3-9474-1A3956D46DE8}") = "Application", "Application", "{A721CA2C-B2CA-456D-9C6E-9BFD0B79235A}"
EndProject
Project("{FAE04EC0-301F-11D3-BF4B-00C04F79EFBC}") = "Application", "..\Application\Application\Application.csproj", "{BDA96332-E594-4E35-AFB2-61F13AC6FBB5}"
EndProject
Project("{FAE04EC0-301F-11D3-BF4B-00C04F79EFBC}") = "Application.Interfaces", "..\Application\Application.Interfaces\Application.Interfaces.csproj", "{87F1342E-21FB-4DC2-B7AB-6E1629AC0B8C}"
EndProject
Project("{FAE04EC0-301F-11D3-BF4B-00C04F79EFBC}") = "Domain", "..\Domain\Domain.csproj", "{365E5939-19F0-4219-9D3B-F8EBCD639129}"
EndProject
Project("{2150E333-8FDC-42A3-9474-1A3956D46DE8}") = "Infrastructure", "Infrastructure", "{63CEED9F-6891-46F1-B1FF-C4E9F1516406}"
EndProject
Project("{FAE04EC0-301F-11D3-BF4B-00C04F79EFBC}") = "DBMigrations", "..\Infrastructure\DBMigrations\DBMigrations.csproj", "{ABD801D7-FDB5-4AF9-AEDA-07C6111638DE}"
EndProject
Project("{2150E333-8FDC-42A3-9474-1A3956D46DE8}") = "Notifier", "Notifier", "{C682CC63-C645-4542-A554-87F7CB648F27}"
EndProject
Project("{FAE04EC0-301F-11D3-BF4B-00C04F79EFBC}") = "NotifyWorker", "..\Notifier\NotifyWorker\NotifyWorker.csproj", "{0A8E8BEF-6551-4068-9C82-DBB3E1154570}"
EndProject
Global
	GlobalSection(SolutionConfigurationPlatforms) = preSolution
		Debug|Any CPU = Debug|Any CPU
		Release|Any CPU = Release|Any CPU
	EndGlobalSection
	GlobalSection(ProjectConfigurationPlatforms) = postSolution
		{1B71AF7F-DDBA-4B0B-85F3-D61FFBF6F1F2}.Debug|Any CPU.ActiveCfg = Debug|Any CPU
		{1B71AF7F-DDBA-4B0B-85F3-D61FFBF6F1F2}.Debug|Any CPU.Build.0 = Debug|Any CPU
		{1B71AF7F-DDBA-4B0B-85F3-D61FFBF6F1F2}.Release|Any CPU.ActiveCfg = Release|Any CPU
		{1B71AF7F-DDBA-4B0B-85F3-D61FFBF6F1F2}.Release|Any CPU.Build.0 = Release|Any CPU
		{BDA96332-E594-4E35-AFB2-61F13AC6FBB5}.Debug|Any CPU.ActiveCfg = Debug|Any CPU
		{BDA96332-E594-4E35-AFB2-61F13AC6FBB5}.Debug|Any CPU.Build.0 = Debug|Any CPU
		{BDA96332-E594-4E35-AFB2-61F13AC6FBB5}.Release|Any CPU.ActiveCfg = Release|Any CPU
		{BDA96332-E594-4E35-AFB2-61F13AC6FBB5}.Release|Any CPU.Build.0 = Release|Any CPU
		{87F1342E-21FB-4DC2-B7AB-6E1629AC0B8C}.Debug|Any CPU.ActiveCfg = Debug|Any CPU
		{87F1342E-21FB-4DC2-B7AB-6E1629AC0B8C}.Debug|Any CPU.Build.0 = Debug|Any CPU
		{87F1342E-21FB-4DC2-B7AB-6E1629AC0B8C}.Release|Any CPU.ActiveCfg = Release|Any CPU
		{87F1342E-21FB-4DC2-B7AB-6E1629AC0B8C}.Release|Any CPU.Build.0 = Release|Any CPU
		{365E5939-19F0-4219-9D3B-F8EBCD639129}.Debug|Any CPU.ActiveCfg = Debug|Any CPU
		{365E5939-19F0-4219-9D3B-F8EBCD639129}.Debug|Any CPU.Build.0 = Debug|Any CPU
		{365E5939-19F0-4219-9D3B-F8EBCD639129}.Release|Any CPU.ActiveCfg = Release|Any CPU
		{365E5939-19F0-4219-9D3B-F8EBCD639129}.Release|Any CPU.Build.0 = Release|Any CPU
		{ABD801D7-FDB5-4AF9-AEDA-07C6111638DE}.Debug|Any CPU.ActiveCfg = Debug|Any CPU
		{ABD801D7-FDB5-4AF9-AEDA-07C6111638DE}.Debug|Any CPU.Build.0 = Debug|Any CPU
		{ABD801D7-FDB5-4AF9-AEDA-07C6111638DE}.Release|Any CPU.ActiveCfg = Release|Any CPU
		{ABD801D7-FDB5-4AF9-AEDA-07C6111638DE}.Release|Any CPU.Build.0 = Release|Any CPU
		{0A8E8BEF-6551-4068-9C82-DBB3E1154570}.Debug|Any CPU.ActiveCfg = Debug|Any CPU
		{0A8E8BEF-6551-4068-9C82-DBB3E1154570}.Debug|Any CPU.Build.0 = Debug|Any CPU
		{0A8E8BEF-6551-4068-9C82-DBB3E1154570}.Release|Any CPU.ActiveCfg = Release|Any CPU
		{0A8E8BEF-6551-4068-9C82-DBB3E1154570}.Release|Any CPU.Build.0 = Release|Any CPU
	EndGlobalSection
	GlobalSection(SolutionProperties) = preSolution
		HideSolutionNode = FALSE
	EndGlobalSection
	GlobalSection(NestedProjects) = preSolution
		{BDA96332-E594-4E35-AFB2-61F13AC6FBB5} = {A721CA2C-B2CA-456D-9C6E-9BFD0B79235A}
		{87F1342E-21FB-4DC2-B7AB-6E1629AC0B8C} = {A721CA2C-B2CA-456D-9C6E-9BFD0B79235A}
		{ABD801D7-FDB5-4AF9-AEDA-07C6111638DE} = {63CEED9F-6891-46F1-B1FF-C4E9F1516406}
		{0A8E8BEF-6551-4068-9C82-DBB3E1154570} = {C682CC63-C645-4542-A554-87F7CB648F27}
	EndGlobalSection
	GlobalSection(ExtensibilityGlobals) = postSolution
		SolutionGuid = {AF94761E-35A7-47FB-A5C2-6E675191C7E1}
	EndGlobalSection
EndGlobal
